
Microsoft Visual Studio Solution File, Format Version 12.00
# Visual Studio Version 16
VisualStudioVersion = 16.0.29409.12
MinimumVisualStudioVersion = 10.0.40219.1
Project("{FAE04EC0-301F-11D3-BF4B-00C04F79EFBC}") = "Laba2_HTTP", "Laba2_HTTP\Laba2_HTTP.csproj", "{1AE229F7-8BE6-4CDE-B3A0-3B5D24BB32DF}"
EndProject
Global
	GlobalSection(SolutionConfigurationPlatforms) = preSolution
		Debug|Any CPU = Debug|Any CPU
		Release|Any CPU = Release|Any CPU
	EndGlobalSection
	GlobalSection(ProjectConfigurationPlatforms) = postSolution
		{1AE229F7-8BE6-4CDE-B3A0-3B5D24BB32DF}.Debug|Any CPU.ActiveCfg = Debug|Any CPU
		{1AE229F7-8BE6-4CDE-B3A0-3B5D24BB32DF}.Debug|Any CPU.Build.0 = Debug|Any CPU
		{1AE229F7-8BE6-4CDE-B3A0-3B5D24BB32DF}.Release|Any CPU.ActiveCfg = Release|Any CPU
		{1AE229F7-8BE6-4CDE-B3A0-3B5D24BB32DF}.Release|Any CPU.Build.0 = Release|Any CPU
	EndGlobalSection
	GlobalSection(SolutionProperties) = preSolution
		HideSolutionNode = FALSE
	EndGlobalSection
	GlobalSection(ExtensibilityGlobals) = postSolution
		SolutionGuid = {5697DC77-596F-4753-83A2-8C66956208FB}
	EndGlobalSection
EndGlobal
